// !$*UTF8*$!
{
	archiveVersion = 1;
	classes = {
	};
	objectVersion = 46;
	objects = {

/* Begin PBXBuildFile section */
		16C56E8A1A77A1B30046F059 /* cocos2dx.h in CopyFiles */ = {isa = PBXBuildFile; fileRef = 16C56E891A77A1B30046F059 /* cocos2dx.h */; };
		16C56E8C1A77A1B30046F059 /* cocos2dx.m in Sources */ = {isa = PBXBuildFile; fileRef = 16C56E8B1A77A1B30046F059 /* cocos2dx.m */; };
/* End PBXBuildFile section */

/* Begin PBXCopyFilesBuildPhase section */
		16C56E841A77A1B30046F059 /* CopyFiles */ = {
			isa = PBXCopyFilesBuildPhase;
			buildActionMask = 2147483647;
			dstPath = "include/$(PRODUCT_NAME)";
			dstSubfolderSpec = 16;
			files = (
				16C56E8A1A77A1B30046F059 /* cocos2dx.h in CopyFiles */,
			);
			runOnlyForDeploymentPostprocessing = 0;
		};
/* End PBXCopyFilesBuildPhase section */

/* Begin PBXFileReference section */
		16C56E861A77A1B30046F059 /* libcocos2dx.a */ = {isa = PBXFileReference; explicitFileType = archive.ar; includeInIndex = 0; path = libcocos2dx.a; sourceTree = BUILT_PRODUCTS_DIR; };
		16C56E891A77A1B30046F059 /* cocos2dx.h */ = {isa = PBXFileReference; lastKnownFileType = sourcecode.c.h; path = cocos2dx.h; sourceTree = "<group>"; };
		16C56E8B1A77A1B30046F059 /* cocos2dx.m */ = {isa = PBXFileReference; lastKnownFileType = sourcecode.c.objc; path = cocos2dx.m; sourceTree = "<group>"; };
/* End PBXFileReference section */

/* Begin PBXFrameworksBuildPhase section */
		16C56E831A77A1B30046F059 /* Frameworks */ = {
			isa = PBXFrameworksBuildPhase;
			buildActionMask = 2147483647;
			files = (
			);
			runOnlyForDeploymentPostprocessing = 0;
		};
/* End PBXFrameworksBuildPhase section */

/* Begin PBXGroup section */
		16C56E7D1A77A1B30046F059 = {
			isa = PBXGroup;
			children = (
				16C56E881A77A1B30046F059 /* cocos2dx */,
				16C56E871A77A1B30046F059 /* Products */,
			);
			sourceTree = "<group>";
		};
		16C56E871A77A1B30046F059 /* Products */ = {
			isa = PBXGroup;
			children = (
				16C56E861A77A1B30046F059 /* libcocos2dx.a */,
			);
			name = Products;
			sourceTree = "<group>";
		};
		16C56E881A77A1B30046F059 /* cocos2dx */ = {
			isa = PBXGroup;
			children = (
				16C56E891A77A1B30046F059 /* cocos2dx.h */,
				16C56E8B1A77A1B30046F059 /* cocos2dx.m */,
			);
			path = cocos2dx;
			sourceTree = "<group>";
		};
/* End PBXGroup section */

/* Begin PBXNativeTarget section */
		16C56E851A77A1B30046F059 /* cocos2dx */ = {
			isa = PBXNativeTarget;
			buildConfigurationList = 16C56E9A1A77A1B30046F059 /* Build configuration list for PBXNativeTarget "cocos2dx" */;
			buildPhases = (
				16C56E821A77A1B30046F059 /* Sources */,
				16C56E831A77A1B30046F059 /* Frameworks */,
				16C56E841A77A1B30046F059 /* CopyFiles */,
			);
			buildRules = (
			);
			dependencies = (
			);
			name = cocos2dx;
			productName = cocos2dx;
			productReference = 16C56E861A77A1B30046F059 /* libcocos2dx.a */;
			productType = "com.apple.product-type.library.static";
		};
/* End PBXNativeTarget section */

/* Begin PBXProject section */
		16C56E7E1A77A1B30046F059 /* Project object */ = {
			isa = PBXProject;
			attributes = {
				LastUpgradeCheck = 0610;
				ORGANIZATIONNAME = wybosys;
				TargetAttributes = {
					16C56E851A77A1B30046F059 = {
						CreatedOnToolsVersion = 6.1.1;
					};
				};
			};
			buildConfigurationList = 16C56E811A77A1B30046F059 /* Build configuration list for PBXProject "cocos2dx" */;
			compatibilityVersion = "Xcode 3.2";
			developmentRegion = English;
			hasScannedForEncodings = 0;
			knownRegions = (
				en,
			);
			mainGroup = 16C56E7D1A77A1B30046F059;
			productRefGroup = 16C56E871A77A1B30046F059 /* Products */;
			projectDirPath = "";
			projectRoot = "";
			targets = (
				16C56E851A77A1B30046F059 /* cocos2dx */,
			);
		};
/* End PBXProject section */

/* Begin PBXSourcesBuildPhase section */
		16C56E821A77A1B30046F059 /* Sources */ = {
			isa = PBXSourcesBuildPhase;
			buildActionMask = 2147483647;
			files = (
				16C56E8C1A77A1B30046F059 /* cocos2dx.m in Sources */,
			);
			runOnlyForDeploymentPostprocessing = 0;
		};
/* End PBXSourcesBuildPhase section */

/* Begin XCBuildConfiguration section */
		16C56E981A77A1B30046F059 /* Debug */ = {
			isa = XCBuildConfiguration;
			buildSettings = {
				ALWAYS_SEARCH_USER_PATHS = NO;
				CLANG_CXX_LANGUAGE_STANDARD = "gnu++0x";
				CLANG_CXX_LIBRARY = "libc++";
				CLANG_ENABLE_MODULES = YES;
				CLANG_ENABLE_OBJC_ARC = YES;
				CLANG_WARN_BOOL_CONVERSION = YES;
				CLANG_WARN_CONSTANT_CONVERSION = YES;
				CLANG_WARN_DIRECT_OBJC_ISA_USAGE = YES_ERROR;
				CLANG_WARN_EMPTY_BODY = YES;
				CLANG_WARN_ENUM_CONVERSION = YES;
				CLANG_WARN_INT_CONVERSION = YES;
				CLANG_WARN_OBJC_ROOT_CLASS = YES_ERROR;
				CLANG_WARN_UNREACHABLE_CODE = YES;
				CLANG_WARN__DUPLICATE_METHOD_MATCH = YES;
				COPY_PHASE_STRIP = NO;
				ENABLE_STRICT_OBJC_MSGSEND = YES;
				GCC_C_LANGUAGE_STANDARD = gnu99;
				GCC_DYNAMIC_NO_PIC = NO;
				GCC_OPTIMIZATION_LEVEL = 0;
				GCC_PREPROCESSOR_DEFINITIONS = (
					"DEBUG=1",
					"$(inherited)",
				);
				GCC_SYMBOLS_PRIVATE_EXTERN = NO;
				GCC_WARN_64_TO_32_BIT_CONVERSION = YES;
				GCC_WARN_ABOUT_RETURN_TYPE = YES_ERROR;
				GCC_WARN_UNDECLARED_SELECTOR = YES;
				GCC_WARN_UNINITIALIZED_AUTOS = YES_AGGRESSIVE;
				GCC_WARN_UNUSED_FUNCTION = YES;
				GCC_WARN_UNUSED_VARIABLE = YES;
				IPHONEOS_DEPLOYMENT_TARGET = 5.1;
				MTL_ENABLE_DEBUG_INFO = YES;
				ONLY_ACTIVE_ARCH = YES;
				SDKROOT = iphoneos;
			};
			name = Debug;
		};
		16C56E991A77A1B30046F059 /* Release */ = {
			isa = XCBuildConfiguration;
			buildSettings = {
				ALWAYS_SEARCH_USER_PATHS = NO;
				CLANG_CXX_LANGUAGE_STANDARD = "gnu++0x";
				CLANG_CXX_LIBRARY = "libc++";
				CLANG_ENABLE_MODULES = YES;
				CLANG_ENABLE_OBJC_ARC = YES;
				CLANG_WARN_BOOL_CONVERSION = YES;
				CLANG_WARN_CONSTANT_CONVERSION = YES;
				CLANG_WARN_DIRECT_OBJC_ISA_USAGE = YES_ERROR;
				CLANG_WARN_EMPTY_BODY = YES;
				CLANG_WARN_ENUM_CONVERSION = YES;
				CLANG_WARN_INT_CONVERSION = YES;
				CLANG_WARN_OBJC_ROOT_CLASS = YES_ERROR;
				CLANG_WARN_UNREACHABLE_CODE = YES;
				CLANG_WARN__DUPLICATE_METHOD_MATCH = YES;
				COPY_PHASE_STRIP = YES;
				ENABLE_NS_ASSERTIONS = NO;
				ENABLE_STRICT_OBJC_MSGSEND = YES;
				GCC_C_LANGUAGE_STANDARD = gnu99;
				GCC_WARN_64_TO_32_BIT_CONVERSION = YES;
				GCC_WARN_ABOUT_RETURN_TYPE = YES_ERROR;
				GCC_WARN_UNDECLARED_SELECTOR = YES;
				GCC_WARN_UNINITIALIZED_AUTOS = YES_AGGRESSIVE;
				GCC_WARN_UNUSED_FUNCTION = YES;
				GCC_WARN_UNUSED_VARIABLE = YES;
				IPHONEOS_DEPLOYMENT_TARGET = 5.1;
				MTL_ENABLE_DEBUG_INFO = NO;
				SDKROOT = iphoneos;
				VALIDATE_PRODUCT = YES;
			};
			name = Release;
		};
		16C56E9B1A77A1B30046F059 /* Debug */ = {
			isa = XCBuildConfiguration;
			buildSettings = {
				OTHER_LDFLAGS = "-ObjC";
				PRODUCT_NAME = "$(TARGET_NAME)";
				SKIP_INSTALL = YES;
			};
			name = Debug;
		};
		16C56E9C1A77A1B30046F059 /* Release */ = {
			isa = XCBuildConfiguration;
			buildSettings = {
				OTHER_LDFLAGS = "-ObjC";
				PRODUCT_NAME = "$(TARGET_NAME)";
				SKIP_INSTALL = YES;
			};
			name = Release;
		};
/* End XCBuildConfiguration section */

/* Begin XCConfigurationList section */
		16C56E811A77A1B30046F059 /* Build configuration list for PBXProject "cocos2dx" */ = {
			isa = XCConfigurationList;
			buildConfigurations = (
				16C56E981A77A1B30046F059 /* Debug */,
				16C56E991A77A1B30046F059 /* Release */,
			);
			defaultConfigurationIsVisible = 0;
			defaultConfigurationName = Release;
		};
		16C56E9A1A77A1B30046F059 /* Build configuration list for PBXNativeTarget "cocos2dx" */ = {
			isa = XCConfigurationList;
			buildConfigurations = (
				16C56E9B1A77A1B30046F059 /* Debug */,
				16C56E9C1A77A1B30046F059 /* Release */,
			);
			defaultConfigurationIsVisible = 0;
			defaultConfigurationName = Release;
		};
/* End XCConfigurationList section */
	};
	rootObject = 16C56E7E1A77A1B30046F059 /* Project object */;
}
